// !$*UTF8*$!
{
	archiveVersion = 1;
	classes = {
	};
	objectVersion = 56;
	objects = {

/* Begin PBXBuildFile section */
		50E92DEB2B7444FD00223D90 /* Github_issuesApp.swift in Sources */ = {isa = PBXBuildFile; fileRef = 50E92DEA2B7444FD00223D90 /* Github_issuesApp.swift */; };
		50E92DEF2B7444FE00223D90 /* Assets.xcassets in Resources */ = {isa = PBXBuildFile; fileRef = 50E92DEE2B7444FE00223D90 /* Assets.xcassets */; };
		50E92DF22B7444FE00223D90 /* Preview Assets.xcassets in Resources */ = {isa = PBXBuildFile; fileRef = 50E92DF12B7444FE00223D90 /* Preview Assets.xcassets */; };
		50E92DF92B74458100223D90 /* Launch Screen.storyboard in Resources */ = {isa = PBXBuildFile; fileRef = 50E92DF82B74458100223D90 /* Launch Screen.storyboard */; };
		50E92DFB2B7445F400223D90 /* GithubTabView.swift in Sources */ = {isa = PBXBuildFile; fileRef = 50E92DFA2B7445F400223D90 /* GithubTabView.swift */; };
		50E92DFD2B74469400223D90 /* OpenIssueListView.swift in Sources */ = {isa = PBXBuildFile; fileRef = 50E92DFC2B74469400223D90 /* OpenIssueListView.swift */; };
		50E92DFF2B74481100223D90 /* ClosedIssueListView.swift in Sources */ = {isa = PBXBuildFile; fileRef = 50E92DFE2B74481100223D90 /* ClosedIssueListView.swift */; };
		50E92E012B7449EA00223D90 /* ListCellView.swift in Sources */ = {isa = PBXBuildFile; fileRef = 50E92E002B7449EA00223D90 /* ListCellView.swift */; };
		50E92E042B74502E00223D90 /* GithubClient.swift in Sources */ = {isa = PBXBuildFile; fileRef = 50E92E032B74502E00223D90 /* GithubClient.swift */; };
		50E92E072B7454D600223D90 /* IssueViewModel.swift in Sources */ = {isa = PBXBuildFile; fileRef = 50E92E062B7454D600223D90 /* IssueViewModel.swift */; };
		50E92E092B7461FA00223D90 /* DetailView.swift in Sources */ = {isa = PBXBuildFile; fileRef = 50E92E082B7461FA00223D90 /* DetailView.swift */; };
		50E92E0B2B746A5E00223D90 /* Constants.swift in Sources */ = {isa = PBXBuildFile; fileRef = 50E92E0A2B746A5E00223D90 /* Constants.swift */; };
		50E92E152B74B21F00223D90 /* AvatarView.swift in Sources */ = {isa = PBXBuildFile; fileRef = 50E92E142B74B21F00223D90 /* AvatarView.swift */; };
/* End PBXBuildFile section */

/* Begin PBXFileReference section */
		50E92DE72B7444FD00223D90 /* Github-issues.app */ = {isa = PBXFileReference; explicitFileType = wrapper.application; includeInIndex = 0; path = "Github-issues.app"; sourceTree = BUILT_PRODUCTS_DIR; };
		50E92DEA2B7444FD00223D90 /* Github_issuesApp.swift */ = {isa = PBXFileReference; lastKnownFileType = sourcecode.swift; path = Github_issuesApp.swift; sourceTree = "<group>"; };
		50E92DEE2B7444FE00223D90 /* Assets.xcassets */ = {isa = PBXFileReference; lastKnownFileType = folder.assetcatalog; path = Assets.xcassets; sourceTree = "<group>"; };
		50E92DF12B7444FE00223D90 /* Preview Assets.xcassets */ = {isa = PBXFileReference; lastKnownFileType = folder.assetcatalog; path = "Preview Assets.xcassets"; sourceTree = "<group>"; };
		50E92DF82B74458100223D90 /* Launch Screen.storyboard */ = {isa = PBXFileReference; lastKnownFileType = file.storyboard; path = "Launch Screen.storyboard"; sourceTree = "<group>"; };
		50E92DFA2B7445F400223D90 /* GithubTabView.swift */ = {isa = PBXFileReference; lastKnownFileType = sourcecode.swift; path = GithubTabView.swift; sourceTree = "<group>"; };
		50E92DFC2B74469400223D90 /* OpenIssueListView.swift */ = {isa = PBXFileReference; lastKnownFileType = sourcecode.swift; path = OpenIssueListView.swift; sourceTree = "<group>"; };
		50E92DFE2B74481100223D90 /* ClosedIssueListView.swift */ = {isa = PBXFileReference; lastKnownFileType = sourcecode.swift; path = ClosedIssueListView.swift; sourceTree = "<group>"; };
		50E92E002B7449EA00223D90 /* ListCellView.swift */ = {isa = PBXFileReference; lastKnownFileType = sourcecode.swift; path = ListCellView.swift; sourceTree = "<group>"; };
		50E92E032B74502E00223D90 /* GithubClient.swift */ = {isa = PBXFileReference; lastKnownFileType = sourcecode.swift; path = GithubClient.swift; sourceTree = "<group>"; };
		50E92E062B7454D600223D90 /* IssueViewModel.swift */ = {isa = PBXFileReference; lastKnownFileType = sourcecode.swift; path = IssueViewModel.swift; sourceTree = "<group>"; };
		50E92E082B7461FA00223D90 /* DetailView.swift */ = {isa = PBXFileReference; lastKnownFileType = sourcecode.swift; path = DetailView.swift; sourceTree = "<group>"; };
		50E92E0A2B746A5E00223D90 /* Constants.swift */ = {isa = PBXFileReference; lastKnownFileType = sourcecode.swift; path = Constants.swift; sourceTree = "<group>"; };
		50E92E0C2B74A29E00223D90 /* Info.plist */ = {isa = PBXFileReference; lastKnownFileType = text.plist; path = Info.plist; sourceTree = "<group>"; };
		50E92E142B74B21F00223D90 /* AvatarView.swift */ = {isa = PBXFileReference; lastKnownFileType = sourcecode.swift; path = AvatarView.swift; sourceTree = "<group>"; };
/* End PBXFileReference section */

/* Begin PBXFrameworksBuildPhase section */
		50E92DE42B7444FD00223D90 /* Frameworks */ = {
			isa = PBXFrameworksBuildPhase;
			buildActionMask = 2147483647;
			files = (
			);
			runOnlyForDeploymentPostprocessing = 0;
		};
/* End PBXFrameworksBuildPhase section */

/* Begin PBXGroup section */
		50E92DDE2B7444FD00223D90 = {
			isa = PBXGroup;
			children = (
				50E92DE92B7444FD00223D90 /* Github-issues */,
				50E92DE82B7444FD00223D90 /* Products */,
			);
			sourceTree = "<group>";
		};
		50E92DE82B7444FD00223D90 /* Products */ = {
			isa = PBXGroup;
			children = (
				50E92DE72B7444FD00223D90 /* Github-issues.app */,
			);
			name = Products;
			sourceTree = "<group>";
		};
		50E92DE92B7444FD00223D90 /* Github-issues */ = {
			isa = PBXGroup;
			children = (
				50E92E112B74B1E000223D90 /* ReusableViews */,
				50E92E0C2B74A29E00223D90 /* Info.plist */,
				50E92E052B7454BF00223D90 /* ViewControllers */,
				50E92E022B744FCC00223D90 /* Views */,
				50E92DEA2B7444FD00223D90 /* Github_issuesApp.swift */,
				50E92E032B74502E00223D90 /* GithubClient.swift */,
				50E92E0A2B746A5E00223D90 /* Constants.swift */,
				50E92DEE2B7444FE00223D90 /* Assets.xcassets */,
				50E92DF02B7444FE00223D90 /* Preview Content */,
				50E92DF82B74458100223D90 /* Launch Screen.storyboard */,
			);
			path = "Github-issues";
			sourceTree = "<group>";
		};
		50E92DF02B7444FE00223D90 /* Preview Content */ = {
			isa = PBXGroup;
			children = (
				50E92DF12B7444FE00223D90 /* Preview Assets.xcassets */,
			);
			path = "Preview Content";
			sourceTree = "<group>";
		};
		50E92E022B744FCC00223D90 /* Views */ = {
			isa = PBXGroup;
			children = (
				50E92E082B7461FA00223D90 /* DetailView.swift */,
				50E92DFE2B74481100223D90 /* ClosedIssueListView.swift */,
				50E92DFC2B74469400223D90 /* OpenIssueListView.swift */,
				50E92DFA2B7445F400223D90 /* GithubTabView.swift */,
			);
			path = Views;
			sourceTree = "<group>";
		};
		50E92E052B7454BF00223D90 /* ViewControllers */ = {
			isa = PBXGroup;
			children = (
				50E92E062B7454D600223D90 /* IssueViewModel.swift */,
			);
			path = ViewControllers;
			sourceTree = "<group>";
		};
		50E92E112B74B1E000223D90 /* ReusableViews */ = {
			isa = PBXGroup;
			children = (
				50E92E002B7449EA00223D90 /* ListCellView.swift */,
				50E92E142B74B21F00223D90 /* AvatarView.swift */,
			);
			path = ReusableViews;
			sourceTree = "<group>";
		};
/* End PBXGroup section */

/* Begin PBXNativeTarget section */
		50E92DE62B7444FD00223D90 /* Github-issues */ = {
			isa = PBXNativeTarget;
			buildConfigurationList = 50E92DF52B7444FE00223D90 /* Build configuration list for PBXNativeTarget "Github-issues" */;
			buildPhases = (
				50E92DE32B7444FD00223D90 /* Sources */,
				50E92DE42B7444FD00223D90 /* Frameworks */,
				50E92DE52B7444FD00223D90 /* Resources */,
			);
			buildRules = (
			);
			dependencies = (
			);
			name = "Github-issues";
			productName = "Github-issues";
			productReference = 50E92DE72B7444FD00223D90 /* Github-issues.app */;
			productType = "com.apple.product-type.application";
		};
/* End PBXNativeTarget section */

/* Begin PBXProject section */
		50E92DDF2B7444FD00223D90 /* Project object */ = {
			isa = PBXProject;
			attributes = {
				BuildIndependentTargetsInParallel = 1;
				LastSwiftUpdateCheck = 1520;
				LastUpgradeCheck = 1520;
				TargetAttributes = {
					50E92DE62B7444FD00223D90 = {
						CreatedOnToolsVersion = 15.2;
					};
				};
			};
			buildConfigurationList = 50E92DE22B7444FD00223D90 /* Build configuration list for PBXProject "Github-issues" */;
			compatibilityVersion = "Xcode 14.0";
			developmentRegion = en;
			hasScannedForEncodings = 0;
			knownRegions = (
				en,
				Base,
			);
			mainGroup = 50E92DDE2B7444FD00223D90;
			productRefGroup = 50E92DE82B7444FD00223D90 /* Products */;
			projectDirPath = "";
			projectRoot = "";
			targets = (
				50E92DE62B7444FD00223D90 /* Github-issues */,
			);
		};
/* End PBXProject section */

/* Begin PBXResourcesBuildPhase section */
		50E92DE52B7444FD00223D90 /* Resources */ = {
			isa = PBXResourcesBuildPhase;
			buildActionMask = 2147483647;
			files = (
				50E92DF92B74458100223D90 /* Launch Screen.storyboard in Resources */,
				50E92DF22B7444FE00223D90 /* Preview Assets.xcassets in Resources */,
				50E92DEF2B7444FE00223D90 /* Assets.xcassets in Resources */,
			);
			runOnlyForDeploymentPostprocessing = 0;
		};
/* End PBXResourcesBuildPhase section */

/* Begin PBXSourcesBuildPhase section */
		50E92DE32B7444FD00223D90 /* Sources */ = {
			isa = PBXSourcesBuildPhase;
			buildActionMask = 2147483647;
			files = (
				50E92DFB2B7445F400223D90 /* GithubTabView.swift in Sources */,
				50E92E092B7461FA00223D90 /* DetailView.swift in Sources */,
				50E92DEB2B7444FD00223D90 /* Github_issuesApp.swift in Sources */,
				50E92E152B74B21F00223D90 /* AvatarView.swift in Sources */,
				50E92DFF2B74481100223D90 /* ClosedIssueListView.swift in Sources */,
				50E92E042B74502E00223D90 /* GithubClient.swift in Sources */,
				50E92E012B7449EA00223D90 /* ListCellView.swift in Sources */,
				50E92DFD2B74469400223D90 /* OpenIssueListView.swift in Sources */,
				50E92E072B7454D600223D90 /* IssueViewModel.swift in Sources */,
				50E92E0B2B746A5E00223D90 /* Constants.swift in Sources */,
			);
			runOnlyForDeploymentPostprocessing = 0;
		};
/* End PBXSourcesBuildPhase section */

/* Begin XCBuildConfiguration section */
		50E92DF32B7444FE00223D90 /* Debug */ = {
			isa = XCBuildConfiguration;
			buildSettings = {
				ALWAYS_SEARCH_USER_PATHS = NO;
				ASSETCATALOG_COMPILER_GENERATE_SWIFT_ASSET_SYMBOL_EXTENSIONS = YES;
				CLANG_ANALYZER_NONNULL = YES;
				CLANG_ANALYZER_NUMBER_OBJECT_CONVERSION = YES_AGGRESSIVE;
				CLANG_CXX_LANGUAGE_STANDARD = "gnu++20";
				CLANG_ENABLE_MODULES = YES;
				CLANG_ENABLE_OBJC_ARC = YES;
				CLANG_ENABLE_OBJC_WEAK = YES;
				CLANG_WARN_BLOCK_CAPTURE_AUTORELEASING = YES;
				CLANG_WARN_BOOL_CONVERSION = YES;
				CLANG_WARN_COMMA = YES;
				CLANG_WARN_CONSTANT_CONVERSION = YES;
				CLANG_WARN_DEPRECATED_OBJC_IMPLEMENTATIONS = YES;
				CLANG_WARN_DIRECT_OBJC_ISA_USAGE = YES_ERROR;
				CLANG_WARN_DOCUMENTATION_COMMENTS = YES;
				CLANG_WARN_EMPTY_BODY = YES;
				CLANG_WARN_ENUM_CONVERSION = YES;
				CLANG_WARN_INFINITE_RECURSION = YES;
				CLANG_WARN_INT_CONVERSION = YES;
				CLANG_WARN_NON_LITERAL_NULL_CONVERSION = YES;
				CLANG_WARN_OBJC_IMPLICIT_RETAIN_SELF = YES;
				CLANG_WARN_OBJC_LITERAL_CONVERSION = YES;
				CLANG_WARN_OBJC_ROOT_CLASS = YES_ERROR;
				CLANG_WARN_QUOTED_INCLUDE_IN_FRAMEWORK_HEADER = YES;
				CLANG_WARN_RANGE_LOOP_ANALYSIS = YES;
				CLANG_WARN_STRICT_PROTOTYPES = YES;
				CLANG_WARN_SUSPICIOUS_MOVE = YES;
				CLANG_WARN_UNGUARDED_AVAILABILITY = YES_AGGRESSIVE;
				CLANG_WARN_UNREACHABLE_CODE = YES;
				CLANG_WARN__DUPLICATE_METHOD_MATCH = YES;
				COPY_PHASE_STRIP = NO;
				DEBUG_INFORMATION_FORMAT = dwarf;
				ENABLE_STRICT_OBJC_MSGSEND = YES;
				ENABLE_TESTABILITY = YES;
				ENABLE_USER_SCRIPT_SANDBOXING = YES;
				GCC_C_LANGUAGE_STANDARD = gnu17;
				GCC_DYNAMIC_NO_PIC = NO;
				GCC_NO_COMMON_BLOCKS = YES;
				GCC_OPTIMIZATION_LEVEL = 0;
				GCC_PREPROCESSOR_DEFINITIONS = (
					"DEBUG=1",
					"$(inherited)",
				);
				GCC_WARN_64_TO_32_BIT_CONVERSION = YES;
				GCC_WARN_ABOUT_RETURN_TYPE = YES_ERROR;
				GCC_WARN_UNDECLARED_SELECTOR = YES;
				GCC_WARN_UNINITIALIZED_AUTOS = YES_AGGRESSIVE;
				GCC_WARN_UNUSED_FUNCTION = YES;
				GCC_WARN_UNUSED_VARIABLE = YES;
				IPHONEOS_DEPLOYMENT_TARGET = 17.2;
				LOCALIZATION_PREFERS_STRING_CATALOGS = YES;
				MTL_ENABLE_DEBUG_INFO = INCLUDE_SOURCE;
				MTL_FAST_MATH = YES;
				ONLY_ACTIVE_ARCH = YES;
				SDKROOT = iphoneos;
				SWIFT_ACTIVE_COMPILATION_CONDITIONS = "DEBUG $(inherited)";
				SWIFT_OPTIMIZATION_LEVEL = "-Onone";
			};
			name = Debug;
		};
		50E92DF42B7444FE00223D90 /* Release */ = {
			isa = XCBuildConfiguration;
			buildSettings = {
				ALWAYS_SEARCH_USER_PATHS = NO;
				ASSETCATALOG_COMPILER_GENERATE_SWIFT_ASSET_SYMBOL_EXTENSIONS = YES;
				CLANG_ANALYZER_NONNULL = YES;
				CLANG_ANALYZER_NUMBER_OBJECT_CONVERSION = YES_AGGRESSIVE;
				CLANG_CXX_LANGUAGE_STANDARD = "gnu++20";
				CLANG_ENABLE_MODULES = YES;
				CLANG_ENABLE_OBJC_ARC = YES;
				CLANG_ENABLE_OBJC_WEAK = YES;
				CLANG_WARN_BLOCK_CAPTURE_AUTORELEASING = YES;
				CLANG_WARN_BOOL_CONVERSION = YES;
				CLANG_WARN_COMMA = YES;
				CLANG_WARN_CONSTANT_CONVERSION = YES;
				CLANG_WARN_DEPRECATED_OBJC_IMPLEMENTATIONS = YES;
				CLANG_WARN_DIRECT_OBJC_ISA_USAGE = YES_ERROR;
				CLANG_WARN_DOCUMENTATION_COMMENTS = YES;
				CLANG_WARN_EMPTY_BODY = YES;
				CLANG_WARN_ENUM_CONVERSION = YES;
				CLANG_WARN_INFINITE_RECURSION = YES;
				CLANG_WARN_INT_CONVERSION = YES;
				CLANG_WARN_NON_LITERAL_NULL_CONVERSION = YES;
				CLANG_WARN_OBJC_IMPLICIT_RETAIN_SELF = YES;
				CLANG_WARN_OBJC_LITERAL_CONVERSION = YES;
				CLANG_WARN_OBJC_ROOT_CLASS = YES_ERROR;
				CLANG_WARN_QUOTED_INCLUDE_IN_FRAMEWORK_HEADER = YES;
				CLANG_WARN_RANGE_LOOP_ANALYSIS = YES;
				CLANG_WARN_STRICT_PROTOTYPES = YES;
				CLANG_WARN_SUSPICIOUS_MOVE = YES;
				CLANG_WARN_UNGUARDED_AVAILABILITY = YES_AGGRESSIVE;
				CLANG_WARN_UNREACHABLE_CODE = YES;
				CLANG_WARN__DUPLICATE_METHOD_MATCH = YES;
				COPY_PHASE_STRIP = NO;
				DEBUG_INFORMATION_FORMAT = "dwarf-with-dsym";
				ENABLE_NS_ASSERTIONS = NO;
				ENABLE_STRICT_OBJC_MSGSEND = YES;
				ENABLE_USER_SCRIPT_SANDBOXING = YES;
				GCC_C_LANGUAGE_STANDARD = gnu17;
				GCC_NO_COMMON_BLOCKS = YES;
				GCC_WARN_64_TO_32_BIT_CONVERSION = YES;
				GCC_WARN_ABOUT_RETURN_TYPE = YES_ERROR;
				GCC_WARN_UNDECLARED_SELECTOR = YES;
				GCC_WARN_UNINITIALIZED_AUTOS = YES_AGGRESSIVE;
				GCC_WARN_UNUSED_FUNCTION = YES;
				GCC_WARN_UNUSED_VARIABLE = YES;
				IPHONEOS_DEPLOYMENT_TARGET = 17.2;
				LOCALIZATION_PREFERS_STRING_CATALOGS = YES;
				MTL_ENABLE_DEBUG_INFO = NO;
				MTL_FAST_MATH = YES;
				SDKROOT = iphoneos;
				SWIFT_COMPILATION_MODE = wholemodule;
				VALIDATE_PRODUCT = YES;
			};
			name = Release;
		};
		50E92DF62B7444FE00223D90 /* Debug */ = {
			isa = XCBuildConfiguration;
			buildSettings = {
				ASSETCATALOG_COMPILER_APPICON_NAME = AppIcon;
				ASSETCATALOG_COMPILER_GLOBAL_ACCENT_COLOR_NAME = AccentColor;
				CODE_SIGN_STYLE = Automatic;
				CURRENT_PROJECT_VERSION = 1;
				DEVELOPMENT_ASSET_PATHS = "\"Github-issues/Preview Content\"";
				DEVELOPMENT_TEAM = CVMRKSHVBB;
				ENABLE_PREVIEWS = YES;
				GENERATE_INFOPLIST_FILE = YES;
				INFOPLIST_FILE = "Github-issues/Info.plist";
				INFOPLIST_KEY_UIApplicationSceneManifest_Generation = YES;
				INFOPLIST_KEY_UIApplicationSupportsIndirectInputEvents = YES;
				INFOPLIST_KEY_UISupportedInterfaceOrientations_iPad = "UIInterfaceOrientationPortrait UIInterfaceOrientationPortraitUpsideDown UIInterfaceOrientationLandscapeLeft UIInterfaceOrientationLandscapeRight";
				INFOPLIST_KEY_UISupportedInterfaceOrientations_iPhone = "UIInterfaceOrientationPortrait UIInterfaceOrientationLandscapeLeft UIInterfaceOrientationLandscapeRight";
				LD_RUNPATH_SEARCH_PATHS = (
					"$(inherited)",
					"@executable_path/Frameworks",
				);
				MARKETING_VERSION = 1.0;
				PRODUCT_BUNDLE_IDENTIFIER = "com.yunhao.Github-issues";
				PRODUCT_NAME = "$(TARGET_NAME)";
				SWIFT_EMIT_LOC_STRINGS = YES;
				SWIFT_VERSION = 5.0;
				TARGETED_DEVICE_FAMILY = "1,2";
			};
			name = Debug;
		};
		50E92DF72B7444FE00223D90 /* Release */ = {
			isa = XCBuildConfiguration;
			buildSettings = {
				ASSETCATALOG_COMPILER_APPICON_NAME = AppIcon;
				ASSETCATALOG_COMPILER_GLOBAL_ACCENT_COLOR_NAME = AccentColor;
				CODE_SIGN_STYLE = Automatic;
				CURRENT_PROJECT_VERSION = 1;
				DEVELOPMENT_ASSET_PATHS = "\"Github-issues/Preview Content\"";
				DEVELOPMENT_TEAM = CVMRKSHVBB;
				ENABLE_PREVIEWS = YES;
				GENERATE_INFOPLIST_FILE = YES;
				INFOPLIST_FILE = "Github-issues/Info.plist";
				INFOPLIST_KEY_UIApplicationSceneManifest_Generation = YES;
				INFOPLIST_KEY_UIApplicationSupportsIndirectInputEvents = YES;
				INFOPLIST_KEY_UISupportedInterfaceOrientations_iPad = "UIInterfaceOrientationPortrait UIInterfaceOrientationPortraitUpsideDown UIInterfaceOrientationLandscapeLeft UIInterfaceOrientationLandscapeRight";
				INFOPLIST_KEY_UISupportedInterfaceOrientations_iPhone = "UIInterfaceOrientationPortrait UIInterfaceOrientationLandscapeLeft UIInterfaceOrientationLandscapeRight";
				LD_RUNPATH_SEARCH_PATHS = (
					"$(inherited)",
					"@executable_path/Frameworks",
				);
				MARKETING_VERSION = 1.0;
				PRODUCT_BUNDLE_IDENTIFIER = "com.yunhao.Github-issues";
				PRODUCT_NAME = "$(TARGET_NAME)";
				SWIFT_EMIT_LOC_STRINGS = YES;
				SWIFT_VERSION = 5.0;
				TARGETED_DEVICE_FAMILY = "1,2";
			};
			name = Release;
		};
/* End XCBuildConfiguration section */

/* Begin XCConfigurationList section */
		50E92DE22B7444FD00223D90 /* Build configuration list for PBXProject "Github-issues" */ = {
			isa = XCConfigurationList;
			buildConfigurations = (
				50E92DF32B7444FE00223D90 /* Debug */,
				50E92DF42B7444FE00223D90 /* Release */,
			);
			defaultConfigurationIsVisible = 0;
			defaultConfigurationName = Release;
		};
		50E92DF52B7444FE00223D90 /* Build configuration list for PBXNativeTarget "Github-issues" */ = {
			isa = XCConfigurationList;
			buildConfigurations = (
				50E92DF62B7444FE00223D90 /* Debug */,
				50E92DF72B7444FE00223D90 /* Release */,
			);
			defaultConfigurationIsVisible = 0;
			defaultConfigurationName = Release;
		};
/* End XCConfigurationList section */
	};
	rootObject = 50E92DDF2B7444FD00223D90 /* Project object */;
}
